
Microsoft Visual Studio Solution File, Format Version 12.00
# Visual Studio Version 17
VisualStudioVersion = 17.1.32210.238
MinimumVisualStudioVersion = 10.0.40219.1
Project("{8BC9CEB8-8B4A-11D0-8D11-00A0C91BC942}") = "CSES_GrayCode", "CSES_GrayCode.vcxproj", "{F8D0AB07-C08B-4B01-8557-11AD12D8C100}"
EndProject
Global
	GlobalSection(SolutionConfigurationPlatforms) = preSolution
		Debug|x64 = Debug|x64
		Release|x64 = Release|x64
	EndGlobalSection
	GlobalSection(ProjectConfigurationPlatforms) = postSolution
		{F8D0AB07-C08B-4B01-8557-11AD12D8C100}.Debug|x64.ActiveCfg = Debug|x64
		{F8D0AB07-C08B-4B01-8557-11AD12D8C100}.Debug|x64.Build.0 = Debug|x64
		{F8D0AB07-C08B-4B01-8557-11AD12D8C100}.Release|x64.ActiveCfg = Release|x64
		{F8D0AB07-C08B-4B01-8557-11AD12D8C100}.Release|x64.Build.0 = Release|x64
	EndGlobalSection
	GlobalSection(SolutionProperties) = preSolution
		HideSolutionNode = FALSE
	EndGlobalSection
	GlobalSection(ExtensibilityGlobals) = postSolution
		SolutionGuid = {3062E339-0523-4864-A80A-97B870A108D1}
	EndGlobalSection
EndGlobal
